lockfileVersion: '9.0'

settings:
  autoInstallPeers: true
  excludeLinksFromLockfile: false

importers:

  .:
    dependencies:
      '@fontsource-variable/geist':
        specifier: ^5.2.8
        version: 5.2.8
      dotenv:
        specifier: ^17.4.2
        version: 17.4.2

packages:

  '@fontsource-variable/geist@5.2.8':
    resolution: {integrity: sha512-cJ6m9e+8MQ5dCYJsLylfZrgBh6KkG4bOLckB35Tr9J/EqdkEM6QllH5PxqP1dhTvFup+HtMRPuz9xOjxXJggxw==}

  dotenv@17.4.2:
    resolution: {integrity: sha512-nI4U3TottKAcAD9LLud4Cb7b2QztQMUEfHbvhTH09bqXTxnSie8WnjPALV/WMCrJZ6UV/qHJ6L03OqO3LcdYZw==}
    engines: {node: '>=12'}

snapshots:

  '@fontsource-variable/geist@5.2.8': {}

  dotenv@17.4.2: {}
